
Microsoft Visual Studio Solution File, Format Version 12.00
# Visual Studio 14
VisualStudioVersion = 14.0.25123.0
MinimumVisualStudioVersion = 10.0.40219.1
Project("{FAE04EC0-301F-11D3-BF4B-00C04F79EFBC}") = "Weixin.Jyhealth", "Weixin.Jyhealth\Weixin.Jyhealth.csproj", "{2D105CC8-6D1B-4B67-9AAF-5DFCB9FF3D2C}"
EndProject
Project("{FAE04EC0-301F-11D3-BF4B-00C04F79EFBC}") = "Weixin.Health", "Weixin.Health\Weixin.Health.csproj", "{CE495C65-356D-453A-919E-329879FDF47C}"
EndProject
Global
	GlobalSection(SolutionConfigurationPlatforms) = preSolution
		Debug|Any CPU = Debug|Any CPU
		Debug|x86 = Debug|x86
		Release|Any CPU = Release|Any CPU
		Release|x86 = Release|x86
	EndGlobalSection
	GlobalSection(ProjectConfigurationPlatforms) = postSolution
		{2D105CC8-6D1B-4B67-9AAF-5DFCB9FF3D2C}.Debug|Any CPU.ActiveCfg = Debug|Any CPU
		{2D105CC8-6D1B-4B67-9AAF-5DFCB9FF3D2C}.Debug|Any CPU.Build.0 = Debug|Any CPU
		{2D105CC8-6D1B-4B67-9AAF-5DFCB9FF3D2C}.Debug|x86.ActiveCfg = Debug|Any CPU
		{2D105CC8-6D1B-4B67-9AAF-5DFCB9FF3D2C}.Debug|x86.Build.0 = Debug|Any CPU
		{2D105CC8-6D1B-4B67-9AAF-5DFCB9FF3D2C}.Release|Any CPU.ActiveCfg = Release|Any CPU
		{2D105CC8-6D1B-4B67-9AAF-5DFCB9FF3D2C}.Release|Any CPU.Build.0 = Release|Any CPU
		{2D105CC8-6D1B-4B67-9AAF-5DFCB9FF3D2C}.Release|x86.ActiveCfg = Release|Any CPU
		{2D105CC8-6D1B-4B67-9AAF-5DFCB9FF3D2C}.Release|x86.Build.0 = Release|Any CPU
		{CE495C65-356D-453A-919E-329879FDF47C}.Debug|Any CPU.ActiveCfg = Debug|Any CPU
		{CE495C65-356D-453A-919E-329879FDF47C}.Debug|Any CPU.Build.0 = Debug|Any CPU
		{CE495C65-356D-453A-919E-329879FDF47C}.Debug|x86.ActiveCfg = Debug|Any CPU
		{CE495C65-356D-453A-919E-329879FDF47C}.Debug|x86.Build.0 = Debug|Any CPU
		{CE495C65-356D-453A-919E-329879FDF47C}.Release|Any CPU.ActiveCfg = Release|Any CPU
		{CE495C65-356D-453A-919E-329879FDF47C}.Release|Any CPU.Build.0 = Release|Any CPU
		{CE495C65-356D-453A-919E-329879FDF47C}.Release|x86.ActiveCfg = Release|Any CPU
		{CE495C65-356D-453A-919E-329879FDF47C}.Release|x86.Build.0 = Release|Any CPU
	EndGlobalSection
	GlobalSection(SolutionProperties) = preSolution
		HideSolutionNode = FALSE
	EndGlobalSection
EndGlobal
